
Microsoft Visual Studio Solution File, Format Version 12.00
# Visual Studio Version 17
VisualStudioVersion = 17.6.33723.286
MinimumVisualStudioVersion = 10.0.40219.1
Project("{FAE04EC0-301F-11D3-BF4B-00C04F79EFBC}") = "TestFlexibase", "TestFlexibase\TestFlexibase.csproj", "{35D28B99-0480-4A15-8241-D1881E90139A}"
EndProject
Global
	GlobalSection(SolutionConfigurationPlatforms) = preSolution
		Debug|Any CPU = Debug|Any CPU
		Release|Any CPU = Release|Any CPU
	EndGlobalSection
	GlobalSection(ProjectConfigurationPlatforms) = postSolution
		{35D28B99-0480-4A15-8241-D1881E90139A}.Debug|Any CPU.ActiveCfg = Debug|Any CPU
		{35D28B99-0480-4A15-8241-D1881E90139A}.Debug|Any CPU.Build.0 = Debug|Any CPU
		{35D28B99-0480-4A15-8241-D1881E90139A}.Release|Any CPU.ActiveCfg = Release|Any CPU
		{35D28B99-0480-4A15-8241-D1881E90139A}.Release|Any CPU.Build.0 = Release|Any CPU
	EndGlobalSection
	GlobalSection(SolutionProperties) = preSolution
		HideSolutionNode = FALSE
	EndGlobalSection
	GlobalSection(ExtensibilityGlobals) = postSolution
		SolutionGuid = {AE82E819-CE39-4A47-9A3B-5AF043449AE5}
	EndGlobalSection
EndGlobal
